
Microsoft Visual Studio Solution File, Format Version 12.00
Project("{FAE04EC0-301F-11D3-BF4B-00C04F79EFBC}") = "Application", "Application\Application.csproj", "{A8C46AC1-5AE7-43F4-874B-BF2E82332A70}"
EndProject
Project("{FAE04EC0-301F-11D3-BF4B-00C04F79EFBC}") = "LangExtensions", "LangExtensions\LangExtensions.csproj", "{C52EE203-A8D6-45A4-ACCB-D386DB162CD7}"
EndProject
Project("{FAE04EC0-301F-11D3-BF4B-00C04F79EFBC}") = "Service", "Service\Service.csproj", "{4DB8F7D3-8C24-471C-AB01-A51BDF0A5A79}"
EndProject
Global
	GlobalSection(SolutionConfigurationPlatforms) = preSolution
		Debug|Any CPU = Debug|Any CPU
		Release|Any CPU = Release|Any CPU
	EndGlobalSection
	GlobalSection(ProjectConfigurationPlatforms) = postSolution
		{A8C46AC1-5AE7-43F4-874B-BF2E82332A70}.Debug|Any CPU.ActiveCfg = Debug|Any CPU
		{A8C46AC1-5AE7-43F4-874B-BF2E82332A70}.Debug|Any CPU.Build.0 = Debug|Any CPU
		{A8C46AC1-5AE7-43F4-874B-BF2E82332A70}.Release|Any CPU.ActiveCfg = Release|Any CPU
		{A8C46AC1-5AE7-43F4-874B-BF2E82332A70}.Release|Any CPU.Build.0 = Release|Any CPU
		{C52EE203-A8D6-45A4-ACCB-D386DB162CD7}.Debug|Any CPU.ActiveCfg = Debug|Any CPU
		{C52EE203-A8D6-45A4-ACCB-D386DB162CD7}.Debug|Any CPU.Build.0 = Debug|Any CPU
		{C52EE203-A8D6-45A4-ACCB-D386DB162CD7}.Release|Any CPU.ActiveCfg = Release|Any CPU
		{C52EE203-A8D6-45A4-ACCB-D386DB162CD7}.Release|Any CPU.Build.0 = Release|Any CPU
		{4DB8F7D3-8C24-471C-AB01-A51BDF0A5A79}.Debug|Any CPU.ActiveCfg = Debug|Any CPU
		{4DB8F7D3-8C24-471C-AB01-A51BDF0A5A79}.Debug|Any CPU.Build.0 = Debug|Any CPU
		{4DB8F7D3-8C24-471C-AB01-A51BDF0A5A79}.Release|Any CPU.ActiveCfg = Release|Any CPU
		{4DB8F7D3-8C24-471C-AB01-A51BDF0A5A79}.Release|Any CPU.Build.0 = Release|Any CPU
	EndGlobalSection
EndGlobal
